
Microsoft Visual Studio Solution File, Format Version 12.00
# Visual Studio Version 17
VisualStudioVersion = 17.4.33213.308
MinimumVisualStudioVersion = 10.0.40219.1
Project("{FAE04EC0-301F-11D3-BF4B-00C04F79EFBC}") = "TimerExamples", "TimerExamples\TimerExamples.csproj", "{7BC1980B-7369-4888-80CE-F338D0BA9702}"
EndProject
Global
	GlobalSection(SolutionConfigurationPlatforms) = preSolution
		Debug|Any CPU = Debug|Any CPU
		Release|Any CPU = Release|Any CPU
	EndGlobalSection
	GlobalSection(ProjectConfigurationPlatforms) = postSolution
		{7BC1980B-7369-4888-80CE-F338D0BA9702}.Debug|Any CPU.ActiveCfg = Debug|Any CPU
		{7BC1980B-7369-4888-80CE-F338D0BA9702}.Debug|Any CPU.Build.0 = Debug|Any CPU
		{7BC1980B-7369-4888-80CE-F338D0BA9702}.Release|Any CPU.ActiveCfg = Release|Any CPU
		{7BC1980B-7369-4888-80CE-F338D0BA9702}.Release|Any CPU.Build.0 = Release|Any CPU
	EndGlobalSection
	GlobalSection(SolutionProperties) = preSolution
		HideSolutionNode = FALSE
	EndGlobalSection
	GlobalSection(ExtensibilityGlobals) = postSolution
		SolutionGuid = {2B3B40C3-8863-4629-9487-75AD3CDADE41}
	EndGlobalSection
EndGlobal
